// !$*UTF8*$!
{
	archiveVersion = 1;
	classes = {
	};
	objectVersion = 46;
	objects = {

/* Begin PBXBuildFile section */
		323BC60B1ED6204100347AEE /* AppDelegate.swift in Sources */ = {isa = PBXBuildFile; fileRef = 323BC60A1ED6204100347AEE /* AppDelegate.swift */; };
		323BC60D1ED6204100347AEE /* ViewController.swift in Sources */ = {isa = PBXBuildFile; fileRef = 323BC60C1ED6204100347AEE /* ViewController.swift */; };
		323BC6101ED6204100347AEE /* Main.storyboard in Resources */ = {isa = PBXBuildFile; fileRef = 323BC60E1ED6204100347AEE /* Main.storyboard */; };
		323BC6121ED6204100347AEE /* Assets.xcassets in Resources */ = {isa = PBXBuildFile; fileRef = 323BC6111ED6204100347AEE /* Assets.xcassets */; };
		323BC6151ED6204100347AEE /* LaunchScreen.storyboard in Resources */ = {isa = PBXBuildFile; fileRef = 323BC6131ED6204100347AEE /* LaunchScreen.storyboard */; };
/* End PBXBuildFile section */

/* Begin PBXFileReference section */
		323BC6071ED6204000347AEE /* Taller CF Firsapp.app */ = {isa = PBXFileReference; explicitFileType = wrapper.application; includeInIndex = 0; path = "Taller CF Firsapp.app"; sourceTree = BUILT_PRODUCTS_DIR; };
		323BC60A1ED6204100347AEE /* AppDelegate.swift */ = {isa = PBXFileReference; lastKnownFileType = sourcecode.swift; path = AppDelegate.swift; sourceTree = "<group>"; };
		323BC60C1ED6204100347AEE /* ViewController.swift */ = {isa = PBXFileReference; lastKnownFileType = sourcecode.swift; path = ViewController.swift; sourceTree = "<group>"; };
		323BC60F1ED6204100347AEE /* Base */ = {isa = PBXFileReference; lastKnownFileType = file.storyboard; name = Base; path = Base.lproj/Main.storyboard; sourceTree = "<group>"; };
		323BC6111ED6204100347AEE /* Assets.xcassets */ = {isa = PBXFileReference; lastKnownFileType = folder.assetcatalog; path = Assets.xcassets; sourceTree = "<group>"; };
		323BC6141ED6204100347AEE /* Base */ = {isa = PBXFileReference; lastKnownFileType = file.storyboard; name = Base; path = Base.lproj/LaunchScreen.storyboard; sourceTree = "<group>"; };
		323BC6161ED6204100347AEE /* Info.plist */ = {isa = PBXFileReference; lastKnownFileType = text.plist.xml; path = Info.plist; sourceTree = "<group>"; };
/* End PBXFileReference section */

/* Begin PBXFrameworksBuildPhase section */
		323BC6041ED6204000347AEE /* Frameworks */ = {
			isa = PBXFrameworksBuildPhase;
			buildActionMask = 2147483647;
			files = (
			);
			runOnlyForDeploymentPostprocessing = 0;
		};
/* End PBXFrameworksBuildPhase section */

/* Begin PBXGroup section */
		323BC5FE1ED6204000347AEE = {
			isa = PBXGroup;
			children = (
				323BC6091ED6204000347AEE /* Taller CF Firsapp */,
				323BC6081ED6204000347AEE /* Products */,
			);
			sourceTree = "<group>";
		};
		323BC6081ED6204000347AEE /* Products */ = {
			isa = PBXGroup;
			children = (
				323BC6071ED6204000347AEE /* Taller CF Firsapp.app */,
			);
			name = Products;
			sourceTree = "<group>";
		};
		323BC6091ED6204000347AEE /* Taller CF Firsapp */ = {
			isa = PBXGroup;
			children = (
				323BC60A1ED6204100347AEE /* AppDelegate.swift */,
				323BC60C1ED6204100347AEE /* ViewController.swift */,
				323BC60E1ED6204100347AEE /* Main.storyboard */,
				323BC6111ED6204100347AEE /* Assets.xcassets */,
				323BC6131ED6204100347AEE /* LaunchScreen.storyboard */,
				323BC6161ED6204100347AEE /* Info.plist */,
			);
			path = "Taller CF Firsapp";
			sourceTree = "<group>";
		};
/* End PBXGroup section */

/* Begin PBXNativeTarget section */
		323BC6061ED6204000347AEE /* Taller CF Firsapp */ = {
			isa = PBXNativeTarget;
			buildConfigurationList = 323BC6191ED6204100347AEE /* Build configuration list for PBXNativeTarget "Taller CF Firsapp" */;
			buildPhases = (
				323BC6031ED6204000347AEE /* Sources */,
				323BC6041ED6204000347AEE /* Frameworks */,
				323BC6051ED6204000347AEE /* Resources */,
			);
			buildRules = (
			);
			dependencies = (
			);
			name = "Taller CF Firsapp";
			productName = "Taller CF Firsapp";
			productReference = 323BC6071ED6204000347AEE /* Taller CF Firsapp.app */;
			productType = "com.apple.product-type.application";
		};
/* End PBXNativeTarget section */

/* Begin PBXProject section */
		323BC5FF1ED6204000347AEE /* Project object */ = {
			isa = PBXProject;
			attributes = {
				LastSwiftUpdateCheck = 0830;
				LastUpgradeCheck = 0830;
				ORGANIZATIONNAME = "CódigoFacilito";
				TargetAttributes = {
					323BC6061ED6204000347AEE = {
						CreatedOnToolsVersion = 8.3.2;
						DevelopmentTeam = 6T52N7J94B;
						ProvisioningStyle = Automatic;
					};
				};
			};
			buildConfigurationList = 323BC6021ED6204000347AEE /* Build configuration list for PBXProject "Taller CF Firsapp" */;
			compatibilityVersion = "Xcode 3.2";
			developmentRegion = English;
			hasScannedForEncodings = 0;
			knownRegions = (
				en,
				Base,
			);
			mainGroup = 323BC5FE1ED6204000347AEE;
			productRefGroup = 323BC6081ED6204000347AEE /* Products */;
			projectDirPath = "";
			projectRoot = "";
			targets = (
				323BC6061ED6204000347AEE /* Taller CF Firsapp */,
			);
		};
/* End PBXProject section */

/* Begin PBXResourcesBuildPhase section */
		323BC6051ED6204000347AEE /* Resources */ = {
			isa = PBXResourcesBuildPhase;
			buildActionMask = 2147483647;
			files = (
				323BC6151ED6204100347AEE /* LaunchScreen.storyboard in Resources */,
				323BC6121ED6204100347AEE /* Assets.xcassets in Resources */,
				323BC6101ED6204100347AEE /* Main.storyboard in Resources */,
			);
			runOnlyForDeploymentPostprocessing = 0;
		};
/* End PBXResourcesBuildPhase section */

/* Begin PBXSourcesBuildPhase section */
		323BC6031ED6204000347AEE /* Sources */ = {
			isa = PBXSourcesBuildPhase;
			buildActionMask = 2147483647;
			files = (
				323BC60D1ED6204100347AEE /* ViewController.swift in Sources */,
				323BC60B1ED6204100347AEE /* AppDelegate.swift in Sources */,
			);
			runOnlyForDeploymentPostprocessing = 0;
		};
/* End PBXSourcesBuildPhase section */

/* Begin PBXVariantGroup section */
		323BC60E1ED6204100347AEE /* Main.storyboard */ = {
			isa = PBXVariantGroup;
			children = (
				323BC60F1ED6204100347AEE /* Base */,
			);
			name = Main.storyboard;
			sourceTree = "<group>";
		};
		323BC6131ED6204100347AEE /* LaunchScreen.storyboard */ = {
			isa = PBXVariantGroup;
			children = (
				323BC6141ED6204100347AEE /* Base */,
			);
			name = LaunchScreen.storyboard;
			sourceTree = "<group>";
		};
/* End PBXVariantGroup section */

/* Begin XCBuildConfiguration section */
		323BC6171ED6204100347AEE /* Debug */ = {
			isa = XCBuildConfiguration;
			buildSettings = {
				ALWAYS_SEARCH_USER_PATHS = NO;
				CLANG_ANALYZER_NONNULL = YES;
				CLANG_ANALYZER_NUMBER_OBJECT_CONVERSION = YES_AGGRESSIVE;
				CLANG_CXX_LANGUAGE_STANDARD = "gnu++0x";
				CLANG_CXX_LIBRARY = "libc++";
				CLANG_ENABLE_MODULES = YES;
				CLANG_ENABLE_OBJC_ARC = YES;
				CLANG_WARN_BOOL_CONVERSION = YES;
				CLANG_WARN_CONSTANT_CONVERSION = YES;
				CLANG_WARN_DIRECT_OBJC_ISA_USAGE = YES_ERROR;
				CLANG_WARN_DOCUMENTATION_COMMENTS = YES;
				CLANG_WARN_EMPTY_BODY = YES;
				CLANG_WARN_ENUM_CONVERSION = YES;
				CLANG_WARN_INFINITE_RECURSION = YES;
				CLANG_WARN_INT_CONVERSION = YES;
				CLANG_WARN_OBJC_ROOT_CLASS = YES_ERROR;
				CLANG_WARN_SUSPICIOUS_MOVE = YES;
				CLANG_WARN_UNREACHABLE_CODE = YES;
				CLANG_WARN__DUPLICATE_METHOD_MATCH = YES;
				"CODE_SIGN_IDENTITY[sdk=iphoneos*]" = "iPhone Developer";
				COPY_PHASE_STRIP = NO;
				DEBUG_INFORMATION_FORMAT = dwarf;
				ENABLE_STRICT_OBJC_MSGSEND = YES;
				ENABLE_TESTABILITY = YES;
				GCC_C_LANGUAGE_STANDARD = gnu99;
				GCC_DYNAMIC_NO_PIC = NO;
				GCC_NO_COMMON_BLOCKS = YES;
				GCC_OPTIMIZATION_LEVEL = 0;
				GCC_PREPROCESSOR_DEFINITIONS = (
					"DEBUG=1",
					"$(inherited)",
				);
				GCC_WARN_64_TO_32_BIT_CONVERSION = YES;
				GCC_WARN_ABOUT_RETURN_TYPE = YES_ERROR;
				GCC_WARN_UNDECLARED_SELECTOR = YES;
				GCC_WARN_UNINITIALIZED_AUTOS = YES_AGGRESSIVE;
				GCC_WARN_UNUSED_FUNCTION = YES;
				GCC_WARN_UNUSED_VARIABLE = YES;
				IPHONEOS_DEPLOYMENT_TARGET = 10.3;
				MTL_ENABLE_DEBUG_INFO = YES;
				ONLY_ACTIVE_ARCH = YES;
				SDKROOT = iphoneos;
				SWIFT_ACTIVE_COMPILATION_CONDITIONS = DEBUG;
				SWIFT_OPTIMIZATION_LEVEL = "-Onone";
				TARGETED_DEVICE_FAMILY = "1,2";
			};
			name = Debug;
		};
		323BC6181ED6204100347AEE /* Release */ = {
			isa = XCBuildConfiguration;
			buildSettings = {
				ALWAYS_SEARCH_USER_PATHS = NO;
				CLANG_ANALYZER_NONNULL = YES;
				CLANG_ANALYZER_NUMBER_OBJECT_CONVERSION = YES_AGGRESSIVE;
				CLANG_CXX_LANGUAGE_STANDARD = "gnu++0x";
				CLANG_CXX_LIBRARY = "libc++";
				CLANG_ENABLE_MODULES = YES;
				CLANG_ENABLE_OBJC_ARC = YES;
				CLANG_WARN_BOOL_CONVERSION = YES;
				CLANG_WARN_CONSTANT_CONVERSION = YES;
				CLANG_WARN_DIRECT_OBJC_ISA_USAGE = YES_ERROR;
				CLANG_WARN_DOCUMENTATION_COMMENTS = YES;
				CLANG_WARN_EMPTY_BODY = YES;
				CLANG_WARN_ENUM_CONVERSION = YES;
				CLANG_WARN_INFINITE_RECURSION = YES;
				CLANG_WARN_INT_CONVERSION = YES;
				CLANG_WARN_OBJC_ROOT_CLASS = YES_ERROR;
				CLANG_WARN_SUSPICIOUS_MOVE = YES;
				CLANG_WARN_UNREACHABLE_CODE = YES;
				CLANG_WARN__DUPLICATE_METHOD_MATCH = YES;
				"CODE_SIGN_IDENTITY[sdk=iphoneos*]" = "iPhone Developer";
				COPY_PHASE_STRIP = NO;
				DEBUG_INFORMATION_FORMAT = "dwarf-with-dsym";
				ENABLE_NS_ASSERTIONS = NO;
				ENABLE_STRICT_OBJC_MSGSEND = YES;
				GCC_C_LANGUAGE_STANDARD = gnu99;
				GCC_NO_COMMON_BLOCKS = YES;
				GCC_WARN_64_TO_32_BIT_CONVERSION = YES;
				GCC_WARN_ABOUT_RETURN_TYPE = YES_ERROR;
				GCC_WARN_UNDECLARED_SELECTOR = YES;
				GCC_WARN_UNINITIALIZED_AUTOS = YES_AGGRESSIVE;
				GCC_WARN_UNUSED_FUNCTION = YES;
				GCC_WARN_UNUSED_VARIABLE = YES;
				IPHONEOS_DEPLOYMENT_TARGET = 10.3;
				MTL_ENABLE_DEBUG_INFO = NO;
				SDKROOT = iphoneos;
				SWIFT_OPTIMIZATION_LEVEL = "-Owholemodule";
				TARGETED_DEVICE_FAMILY = "1,2";
				VALIDATE_PRODUCT = YES;
			};
			name = Release;
		};
		323BC61A1ED6204100347AEE /* Debug */ = {
			isa = XCBuildConfiguration;
			buildSettings = {
				ASSETCATALOG_COMPILER_APPICON_NAME = AppIcon;
				DEVELOPMENT_TEAM = 6T52N7J94B;
				INFOPLIST_FILE = "Taller CF Firsapp/Info.plist";
				LD_RUNPATH_SEARCH_PATHS = "$(inherited) @executable_path/Frameworks";
				PRODUCT_BUNDLE_IDENTIFIER = "com.codigofacilito.Taller.Taller-CF-Firsapp";
				PRODUCT_NAME = "$(TARGET_NAME)";
				SWIFT_VERSION = 3.0;
			};
			name = Debug;
		};
		323BC61B1ED6204100347AEE /* Release */ = {
			isa = XCBuildConfiguration;
			buildSettings = {
				ASSETCATALOG_COMPILER_APPICON_NAME = AppIcon;
				DEVELOPMENT_TEAM = 6T52N7J94B;
				INFOPLIST_FILE = "Taller CF Firsapp/Info.plist";
				LD_RUNPATH_SEARCH_PATHS = "$(inherited) @executable_path/Frameworks";
				PRODUCT_BUNDLE_IDENTIFIER = "com.codigofacilito.Taller.Taller-CF-Firsapp";
				PRODUCT_NAME = "$(TARGET_NAME)";
				SWIFT_VERSION = 3.0;
			};
			name = Release;
		};
/* End XCBuildConfiguration section */

/* Begin XCConfigurationList section */
		323BC6021ED6204000347AEE /* Build configuration list for PBXProject "Taller CF Firsapp" */ = {
			isa = XCConfigurationList;
			buildConfigurations = (
				323BC6171ED6204100347AEE /* Debug */,
				323BC6181ED6204100347AEE /* Release */,
			);
			defaultConfigurationIsVisible = 0;
			defaultConfigurationName = Release;
		};
		323BC6191ED6204100347AEE /* Build configuration list for PBXNativeTarget "Taller CF Firsapp" */ = {
			isa = XCConfigurationList;
			buildConfigurations = (
				323BC61A1ED6204100347AEE /* Debug */,
				323BC61B1ED6204100347AEE /* Release */,
			);
			defaultConfigurationIsVisible = 0;
		};
/* End XCConfigurationList section */
	};
	rootObject = 323BC5FF1ED6204000347AEE /* Project object */;
}
